// !$*UTF8*$!
{
	archiveVersion = 1;
	classes = {
	};
	objectVersion = 46;
	objects = {

/* Begin PBXBuildFile section */
		2B529EF51BC9645800A29FA2 /* AppDelegate.swift in Sources */ = {isa = PBXBuildFile; fileRef = 2B529EF41BC9645800A29FA2 /* AppDelegate.swift */; };
		2B529EF71BC9645800A29FA2 /* ViewController.swift in Sources */ = {isa = PBXBuildFile; fileRef = 2B529EF61BC9645800A29FA2 /* ViewController.swift */; };
		2B529EFA1BC9645800A29FA2 /* Main.storyboard in Resources */ = {isa = PBXBuildFile; fileRef = 2B529EF81BC9645800A29FA2 /* Main.storyboard */; };
		2B529EFC1BC9645800A29FA2 /* Assets.xcassets in Resources */ = {isa = PBXBuildFile; fileRef = 2B529EFB1BC9645800A29FA2 /* Assets.xcassets */; };
		2B529EFF1BC9645800A29FA2 /* LaunchScreen.storyboard in Resources */ = {isa = PBXBuildFile; fileRef = 2B529EFD1BC9645800A29FA2 /* LaunchScreen.storyboard */; };
/* End PBXBuildFile section */

/* Begin PBXFileReference section */
		2B529EF11BC9645800A29FA2 /* blipp.app */ = {isa = PBXFileReference; explicitFileType = wrapper.application; includeInIndex = 0; path = blipp.app; sourceTree = BUILT_PRODUCTS_DIR; };
		2B529EF41BC9645800A29FA2 /* AppDelegate.swift */ = {isa = PBXFileReference; lastKnownFileType = sourcecode.swift; path = AppDelegate.swift; sourceTree = "<group>"; };
		2B529EF61BC9645800A29FA2 /* ViewController.swift */ = {isa = PBXFileReference; lastKnownFileType = sourcecode.swift; path = ViewController.swift; sourceTree = "<group>"; };
		2B529EF91BC9645800A29FA2 /* Base */ = {isa = PBXFileReference; lastKnownFileType = file.storyboard; name = Base; path = Base.lproj/Main.storyboard; sourceTree = "<group>"; };
		2B529EFB1BC9645800A29FA2 /* Assets.xcassets */ = {isa = PBXFileReference; lastKnownFileType = folder.assetcatalog; path = Assets.xcassets; sourceTree = "<group>"; };
		2B529EFE1BC9645800A29FA2 /* Base */ = {isa = PBXFileReference; lastKnownFileType = file.storyboard; name = Base; path = Base.lproj/LaunchScreen.storyboard; sourceTree = "<group>"; };
		2B529F001BC9645800A29FA2 /* Info.plist */ = {isa = PBXFileReference; lastKnownFileType = text.plist.xml; path = Info.plist; sourceTree = "<group>"; };
/* End PBXFileReference section */

/* Begin PBXFrameworksBuildPhase section */
		2B529EEE1BC9645800A29FA2 /* Frameworks */ = {
			isa = PBXFrameworksBuildPhase;
			buildActionMask = 2147483647;
			files = (
			);
			runOnlyForDeploymentPostprocessing = 0;
		};
/* End PBXFrameworksBuildPhase section */

/* Begin PBXGroup section */
		2B529EE81BC9645800A29FA2 = {
			isa = PBXGroup;
			children = (
				2B529EF31BC9645800A29FA2 /* blipp */,
				2B529EF21BC9645800A29FA2 /* Products */,
			);
			sourceTree = "<group>";
		};
		2B529EF21BC9645800A29FA2 /* Products */ = {
			isa = PBXGroup;
			children = (
				2B529EF11BC9645800A29FA2 /* blipp.app */,
			);
			name = Products;
			sourceTree = "<group>";
		};
		2B529EF31BC9645800A29FA2 /* blipp */ = {
			isa = PBXGroup;
			children = (
				2B529EF41BC9645800A29FA2 /* AppDelegate.swift */,
				2B529EF61BC9645800A29FA2 /* ViewController.swift */,
				2B529EF81BC9645800A29FA2 /* Main.storyboard */,
				2B529EFB1BC9645800A29FA2 /* Assets.xcassets */,
				2B529EFD1BC9645800A29FA2 /* LaunchScreen.storyboard */,
				2B529F001BC9645800A29FA2 /* Info.plist */,
			);
			path = blipp;
			sourceTree = "<group>";
		};
/* End PBXGroup section */

/* Begin PBXNativeTarget section */
		2B529EF01BC9645800A29FA2 /* blipp */ = {
			isa = PBXNativeTarget;
			buildConfigurationList = 2B529F031BC9645800A29FA2 /* Build configuration list for PBXNativeTarget "blipp" */;
			buildPhases = (
				2B529EED1BC9645800A29FA2 /* Sources */,
				2B529EEE1BC9645800A29FA2 /* Frameworks */,
				2B529EEF1BC9645800A29FA2 /* Resources */,
			);
			buildRules = (
			);
			dependencies = (
			);
			name = blipp;
			productName = blipp;
			productReference = 2B529EF11BC9645800A29FA2 /* blipp.app */;
			productType = "com.apple.product-type.application";
		};
/* End PBXNativeTarget section */

/* Begin PBXProject section */
		2B529EE91BC9645800A29FA2 /* Project object */ = {
			isa = PBXProject;
			attributes = {
				LastUpgradeCheck = 0700;
				ORGANIZATIONNAME = "Joe E.";
				TargetAttributes = {
					2B529EF01BC9645800A29FA2 = {
						CreatedOnToolsVersion = 7.0.1;
					};
				};
			};
			buildConfigurationList = 2B529EEC1BC9645800A29FA2 /* Build configuration list for PBXProject "blipp" */;
			compatibilityVersion = "Xcode 3.2";
			developmentRegion = English;
			hasScannedForEncodings = 0;
			knownRegions = (
				en,
				Base,
			);
			mainGroup = 2B529EE81BC9645800A29FA2;
			productRefGroup = 2B529EF21BC9645800A29FA2 /* Products */;
			projectDirPath = "";
			projectRoot = "";
			targets = (
				2B529EF01BC9645800A29FA2 /* blipp */,
			);
		};
/* End PBXProject section */

/* Begin PBXResourcesBuildPhase section */
		2B529EEF1BC9645800A29FA2 /* Resources */ = {
			isa = PBXResourcesBuildPhase;
			buildActionMask = 2147483647;
			files = (
				2B529EFF1BC9645800A29FA2 /* LaunchScreen.storyboard in Resources */,
				2B529EFC1BC9645800A29FA2 /* Assets.xcassets in Resources */,
				2B529EFA1BC9645800A29FA2 /* Main.storyboard in Resources */,
			);
			runOnlyForDeploymentPostprocessing = 0;
		};
/* End PBXResourcesBuildPhase section */

/* Begin PBXSourcesBuildPhase section */
		2B529EED1BC9645800A29FA2 /* Sources */ = {
			isa = PBXSourcesBuildPhase;
			buildActionMask = 2147483647;
			files = (
				2B529EF71BC9645800A29FA2 /* ViewController.swift in Sources */,
				2B529EF51BC9645800A29FA2 /* AppDelegate.swift in Sources */,
			);
			runOnlyForDeploymentPostprocessing = 0;
		};
/* End PBXSourcesBuildPhase section */

/* Begin PBXVariantGroup section */
		2B529EF81BC9645800A29FA2 /* Main.storyboard */ = {
			isa = PBXVariantGroup;
			children = (
				2B529EF91BC9645800A29FA2 /* Base */,
			);
			name = Main.storyboard;
			sourceTree = "<group>";
		};
		2B529EFD1BC9645800A29FA2 /* LaunchScreen.storyboard */ = {
			isa = PBXVariantGroup;
			children = (
				2B529EFE1BC9645800A29FA2 /* Base */,
			);
			name = LaunchScreen.storyboard;
			sourceTree = "<group>";
		};
/* End PBXVariantGroup section */

/* Begin XCBuildConfiguration section */
		2B529F011BC9645800A29FA2 /* Debug */ = {
			isa = XCBuildConfiguration;
			buildSettings = {
				ALWAYS_SEARCH_USER_PATHS = NO;
				CLANG_CXX_LANGUAGE_STANDARD = "gnu++0x";
				CLANG_CXX_LIBRARY = "libc++";
				CLANG_ENABLE_MODULES = YES;
				CLANG_ENABLE_OBJC_ARC = YES;
				CLANG_WARN_BOOL_CONVERSION = YES;
				CLANG_WARN_CONSTANT_CONVERSION = YES;
				CLANG_WARN_DIRECT_OBJC_ISA_USAGE = YES_ERROR;
				CLANG_WARN_EMPTY_BODY = YES;
				CLANG_WARN_ENUM_CONVERSION = YES;
				CLANG_WARN_INT_CONVERSION = YES;
				CLANG_WARN_OBJC_ROOT_CLASS = YES_ERROR;
				CLANG_WARN_UNREACHABLE_CODE = YES;
				CLANG_WARN__DUPLICATE_METHOD_MATCH = YES;
				"CODE_SIGN_IDENTITY[sdk=iphoneos*]" = "iPhone Developer";
				COPY_PHASE_STRIP = NO;
				DEBUG_INFORMATION_FORMAT = dwarf;
				ENABLE_STRICT_OBJC_MSGSEND = YES;
				ENABLE_TESTABILITY = YES;
				GCC_C_LANGUAGE_STANDARD = gnu99;
				GCC_DYNAMIC_NO_PIC = NO;
				GCC_NO_COMMON_BLOCKS = YES;
				GCC_OPTIMIZATION_LEVEL = 0;
				GCC_PREPROCESSOR_DEFINITIONS = (
					"DEBUG=1",
					"$(inherited)",
				);
				GCC_WARN_64_TO_32_BIT_CONVERSION = YES;
				GCC_WARN_ABOUT_RETURN_TYPE = YES_ERROR;
				GCC_WARN_UNDECLARED_SELECTOR = YES;
				GCC_WARN_UNINITIALIZED_AUTOS = YES_AGGRESSIVE;
				GCC_WARN_UNUSED_FUNCTION = YES;
				GCC_WARN_UNUSED_VARIABLE = YES;
				IPHONEOS_DEPLOYMENT_TARGET = 9.0;
				MTL_ENABLE_DEBUG_INFO = YES;
				ONLY_ACTIVE_ARCH = YES;
				SDKROOT = iphoneos;
				SWIFT_OPTIMIZATION_LEVEL = "-Onone";
			};
			name = Debug;
		};
		2B529F021BC9645800A29FA2 /* Release */ = {
			isa = XCBuildConfiguration;
			buildSettings = {
				ALWAYS_SEARCH_USER_PATHS = NO;
				CLANG_CXX_LANGUAGE_STANDARD = "gnu++0x";
				CLANG_CXX_LIBRARY = "libc++";
				CLANG_ENABLE_MODULES = YES;
				CLANG_ENABLE_OBJC_ARC = YES;
				CLANG_WARN_BOOL_CONVERSION = YES;
				CLANG_WARN_CONSTANT_CONVERSION = YES;
				CLANG_WARN_DIRECT_OBJC_ISA_USAGE = YES_ERROR;
				CLANG_WARN_EMPTY_BODY = YES;
				CLANG_WARN_ENUM_CONVERSION = YES;
				CLANG_WARN_INT_CONVERSION = YES;
				CLANG_WARN_OBJC_ROOT_CLASS = YES_ERROR;
				CLANG_WARN_UNREACHABLE_CODE = YES;
				CLANG_WARN__DUPLICATE_METHOD_MATCH = YES;
				"CODE_SIGN_IDENTITY[sdk=iphoneos*]" = "iPhone Developer";
				COPY_PHASE_STRIP = NO;
				DEBUG_INFORMATION_FORMAT = "dwarf-with-dsym";
				ENABLE_NS_ASSERTIONS = NO;
				ENABLE_STRICT_OBJC_MSGSEND = YES;
				GCC_C_LANGUAGE_STANDARD = gnu99;
				GCC_NO_COMMON_BLOCKS = YES;
				GCC_WARN_64_TO_32_BIT_CONVERSION = YES;
				GCC_WARN_ABOUT_RETURN_TYPE = YES_ERROR;
				GCC_WARN_UNDECLARED_SELECTOR = YES;
				GCC_WARN_UNINITIALIZED_AUTOS = YES_AGGRESSIVE;
				GCC_WARN_UNUSED_FUNCTION = YES;
				GCC_WARN_UNUSED_VARIABLE = YES;
				IPHONEOS_DEPLOYMENT_TARGET = 9.0;
				MTL_ENABLE_DEBUG_INFO = NO;
				SDKROOT = iphoneos;
				VALIDATE_PRODUCT = YES;
			};
			name = Release;
		};
		2B529F041BC9645800A29FA2 /* Debug */ = {
			isa = XCBuildConfiguration;
			buildSettings = {
				ASSETCATALOG_COMPILER_APPICON_NAME = AppIcon;
				INFOPLIST_FILE = blipp/Info.plist;
				LD_RUNPATH_SEARCH_PATHS = "$(inherited) @executable_path/Frameworks";
				PRODUCT_BUNDLE_IDENTIFIER = com.Montchat.blipp;
				PRODUCT_NAME = "$(TARGET_NAME)";
			};
			name = Debug;
		};
		2B529F051BC9645800A29FA2 /* Release */ = {
			isa = XCBuildConfiguration;
			buildSettings = {
				ASSETCATALOG_COMPILER_APPICON_NAME = AppIcon;
				INFOPLIST_FILE = blipp/Info.plist;
				LD_RUNPATH_SEARCH_PATHS = "$(inherited) @executable_path/Frameworks";
				PRODUCT_BUNDLE_IDENTIFIER = com.Montchat.blipp;
				PRODUCT_NAME = "$(TARGET_NAME)";
			};
			name = Release;
		};
/* End XCBuildConfiguration section */

/* Begin XCConfigurationList section */
		2B529EEC1BC9645800A29FA2 /* Build configuration list for PBXProject "blipp" */ = {
			isa = XCConfigurationList;
			buildConfigurations = (
				2B529F011BC9645800A29FA2 /* Debug */,
				2B529F021BC9645800A29FA2 /* Release */,
			);
			defaultConfigurationIsVisible = 0;
			defaultConfigurationName = Release;
		};
		2B529F031BC9645800A29FA2 /* Build configuration list for PBXNativeTarget "blipp" */ = {
			isa = XCConfigurationList;
			buildConfigurations = (
				2B529F041BC9645800A29FA2 /* Debug */,
				2B529F051BC9645800A29FA2 /* Release */,
			);
			defaultConfigurationIsVisible = 0;
		};
/* End XCConfigurationList section */
	};
	rootObject = 2B529EE91BC9645800A29FA2 /* Project object */;
}
